{
  "name": "create-neon-manual-test-project",
  "version": "0.1.2",
  "lockfileVersion": 3,
  "requires": true,
  "packages": {
    "": {
      "name": "create-neon-manual-test-project",
      "version": "0.1.2",
      "license": "MIT",
      "dependencies": {
        "@neon-rs/load": "^0.1.64"
      },
      "devDependencies": {
        "@neon-rs/cli": "^0.1.64",
        "@tsconfig/node20": "^20.1.4",
        "@types/node": "^20.11.16",
        "typescript": "^5.3.3"
      }
    },
    "node_modules/@cargo-messages/android-arm-eabi": {
      "version": "0.1.65",
      "resolved": "https://registry.npmjs.org/@cargo-messages/android-arm-eabi/-/android-arm-eabi-0.1.65.tgz",
      "integrity": "sha512-Pw+391Vw+enMTDUoyTUK9kvAGTgrMCO1H8FBr5d60VETi/Doy7YLszrMpYwYogklt5T+qvQg/Vf8Is1pXKjBTQ==",
      "cpu": [
        "arm"
      ],
      "dev": true,
      "optional": true,
      "os": [
        "android"
      ]
    },
    "node_modules/@cargo-messages/darwin-arm64": {
      "version": "0.1.65",
      "resolved": "https://registry.npmjs.org/@cargo-messages/darwin-arm64/-/darwin-arm64-0.1.65.tgz",
      "integrity": "sha512-huWhNtMRYxR7+JkLvmp2m3PRQbPkn96o0gK0s75oXzWopgVtz0zW/G4xMzwu/XSmCaw62T58jtJaqWzB+K1LOQ==",
      "cpu": [
        "arm64"
      ],
      "dev": true,
      "optional": true,
      "os": [
        "darwin"
      ]
    },
    "node_modules/@cargo-messages/darwin-x64": {
      "version": "0.1.65",
      "resolved": "https://registry.npmjs.org/@cargo-messages/darwin-x64/-/darwin-x64-0.1.65.tgz",
      "integrity": "sha512-Ij/d6WZ9DqqJNkTwBR2k28GwucKRt7olKq+JmA56jqfON/RLAapqk8Pr8rDMOfK6LQJWgfljs6zV1Tw1bEI/SQ==",
      "cpu": [
        "x64"
      ],
      "dev": true,
      "optional": true,
      "os": [
        "darwin"
      ]
    },
    "node_modules/@cargo-messages/linux-arm-gnueabihf": {
      "version": "0.1.65",
      "resolved": "https://registry.npmjs.org/@cargo-messages/linux-arm-gnueabihf/-/linux-arm-gnueabihf-0.1.65.tgz",
      "integrity": "sha512-QfnRMBArbaHhUMrTGt0ia/S53BFneTBvihjyvMXR8qJuwcJkyqM9kswVOvS3Q7pdlxZAOecsMmp7GrJYHB0pcw==",
      "cpu": [
        "arm"
      ],
      "dev": true,
      "optional": true,
      "os": [
        "linux"
      ]
    },
    "node_modules/@cargo-messages/linux-x64-gnu": {
      "version": "0.1.65",
      "resolved": "https://registry.npmjs.org/@cargo-messages/linux-x64-gnu/-/linux-x64-gnu-0.1.65.tgz",
      "integrity": "sha512-dt3fclSW9LM3BskNg0e1ArgDU39jg/ei77b+ishHewe4pAnq+egd/6io6RrsssrjHpulVIhDw/XMK11CpAAkAw==",
      "cpu": [
        "x64"
      ],
      "dev": true,
      "optional": true,
      "os": [
        "linux"
      ]
    },
    "node_modules/@cargo-messages/win32-arm64-msvc": {
      "version": "0.1.65",
      "resolved": "https://registry.npmjs.org/@cargo-messages/win32-arm64-msvc/-/win32-arm64-msvc-0.1.65.tgz",
      "integrity": "sha512-x7ylxtuw6/NT8pJmMpMu3zr1w3qYQzBC2sFmNv80r/BTBK7zaLKd1QTBroL61mDZ0cbKwY8c/pI0bwIGJgTWug==",
      "cpu": [
        "arm64"
      ],
      "dev": true,
      "optional": true,
      "os": [
        "win32"
      ]
    },
    "node_modules/@cargo-messages/win32-x64-msvc": {
      "version": "0.1.65",
      "resolved": "https://registry.npmjs.org/@cargo-messages/win32-x64-msvc/-/win32-x64-msvc-0.1.65.tgz",
      "integrity": "sha512-nZFLlL1V6nW2fMu0j5eYM0gQSZt+oJezHxCe8B68YNQKG3bKjlH0/CfgxS3i0g742EA0t/pjyAbpX4lZPTtg0Q==",
      "cpu": [
        "x64"
      ],
      "dev": true,
      "optional": true,
      "os": [
        "win32"
      ]
    },
    "node_modules/@neon-rs/cli": {
      "version": "0.1.66",
      "resolved": "https://registry.npmjs.org/@neon-rs/cli/-/cli-0.1.66.tgz",
      "integrity": "sha512-/yAgrX52v0lv4SrakDV0gx1fMcC06pGNRr+VH1MHJP0oXEEzzP81ZgoktIlJFqZ+Wa3Pie9tuvM+lSO1V5ID8A==",
      "dev": true,
      "bin": {
        "neon": "index.js"
      },
      "optionalDependencies": {
        "@cargo-messages/android-arm-eabi": "0.1.65",
        "@cargo-messages/darwin-arm64": "0.1.65",
        "@cargo-messages/darwin-x64": "0.1.65",
        "@cargo-messages/linux-arm-gnueabihf": "0.1.65",
        "@cargo-messages/linux-x64-gnu": "0.1.65",
        "@cargo-messages/win32-arm64-msvc": "0.1.65",
        "@cargo-messages/win32-x64-msvc": "0.1.65"
      }
    },
    "node_modules/@neon-rs/load": {
      "version": "0.1.66",
      "resolved": "https://registry.npmjs.org/@neon-rs/load/-/load-0.1.66.tgz",
      "integrity": "sha512-EL37zQ0jDZh+/JisFonbJ9uF3kSaQcTdUx7fibJ/gkf3Qa37t75O06BvdVIVAAlb7uoRi1WdOOb+2NUBrD56vQ=="
    },
    "node_modules/@tsconfig/node20": {
      "version": "20.1.4",
      "resolved": "https://registry.npmjs.org/@tsconfig/node20/-/node20-20.1.4.tgz",
      "integrity": "sha512-sqgsT69YFeLWf5NtJ4Xq/xAF8p4ZQHlmGW74Nu2tD4+g5fAsposc4ZfaaPixVu4y01BEiDCWLRDCvDM5JOsRxg==",
      "dev": true
    },
    "node_modules/@types/node": {
      "version": "20.12.7",
      "resolved": "https://registry.npmjs.org/@types/node/-/node-20.12.7.tgz",
      "integrity": "sha512-wq0cICSkRLVaf3UGLMGItu/PtdY7oaXaI/RVU+xliKVOtRna3PRY57ZDfztpDL0n11vfymMUnXv8QwYCO7L1wg==",
      "dev": true,
      "dependencies": {
        "undici-types": "~5.26.4"
      }
    },
    "node_modules/typescript": {
      "version": "5.4.5",
      "resolved": "https://registry.npmjs.org/typescript/-/typescript-5.4.5.tgz",
      "integrity": "sha512-vcI4UpRgg81oIRUFwR0WSIHKt11nJ7SAVlYNIu+QpqeyXP+gpQJy/Z4+F0aGxSE4MqwjyXvW/TzgkLAx2AGHwQ==",
      "dev": true,
      "bin": {
        "tsc": "bin/tsc",
        "tsserver": "bin/tsserver"
      },
      "engines": {
        "node": ">=14.17"
      }
    },
    "node_modules/undici-types": {
      "version": "5.26.5",
      "resolved": "https://registry.npmjs.org/undici-types/-/undici-types-5.26.5.tgz",
      "integrity": "sha512-JlCMO+ehdEIKqlFxk6IfVoAUVmgz7cU7zD/h9XZ0qzeosSHmUJVOzSQvvYSYWXkFXC+IfLKSIffhv0sVZup6pA==",
      "dev": true
    }
  }
}
