{
  "name": "create-neon-manual-test-project",
  "version": "1.0.0",
  "lockfileVersion": 3,
  "requires": true,
  "packages": {
    "": {
      "name": "create-neon-manual-test-project",
      "version": "1.0.0",
      "license": "MIT",
      "dependencies": {
        "@neon-rs/load": "^0.1.0"
      },
      "devDependencies": {
        "@neon-rs/cli": "^0.1.64",
        "@tsconfig/node20": "^20.1.4",
        "@types/node": "^20.11.16",
        "typescript": "^5.3.3"
      }
    },
    "node_modules/@cargo-messages/android-arm-eabi": {
      "version": "0.1.63",
      "resolved": "https://registry.npmjs.org/@cargo-messages/android-arm-eabi/-/android-arm-eabi-0.1.63.tgz",
      "integrity": "sha512-72SRuYWOvfd9veK6x9Z9fknkB9wj4f7F3i4yIpp91qHsPDTrrYy9ooWKnomVQcyG/WbmDyTJxsMMcyY3pKv1Vg==",
      "cpu": [
        "arm"
      ],
      "dev": true,
      "optional": true,
      "os": [
        "android"
      ]
    },
    "node_modules/@cargo-messages/darwin-arm64": {
      "version": "0.1.63",
      "resolved": "https://registry.npmjs.org/@cargo-messages/darwin-arm64/-/darwin-arm64-0.1.63.tgz",
      "integrity": "sha512-Hqpt687+5Km9eSA8HlEY1ax8PqRiyuXnladADKiJ+2Z0IzQCj2aj+pp40wbsSGdgMgXT/AMFfWA+tqe6M4tUSA==",
      "cpu": [
        "arm64"
      ],
      "dev": true,
      "optional": true,
      "os": [
        "darwin"
      ]
    },
    "node_modules/@cargo-messages/darwin-x64": {
      "version": "0.1.63",
      "resolved": "https://registry.npmjs.org/@cargo-messages/darwin-x64/-/darwin-x64-0.1.63.tgz",
      "integrity": "sha512-A3MeBLT/mNsraEqrM9uWfPKp8hE9QcN/isLKa+wk3hY2RDgDZ0hU2xKby/QY+lIGe7+WRTEF8Cz2p3I9gK86ug==",
      "cpu": [
        "x64"
      ],
      "dev": true,
      "optional": true,
      "os": [
        "darwin"
      ]
    },
    "node_modules/@cargo-messages/linux-arm-gnueabihf": {
      "version": "0.1.63",
      "resolved": "https://registry.npmjs.org/@cargo-messages/linux-arm-gnueabihf/-/linux-arm-gnueabihf-0.1.63.tgz",
      "integrity": "sha512-CuqpNAKyvCuz+HOsKw2N00vMdOxnbRLCUCq22NnAk/4PUJBMWF23zQLLAX2vkLEDGVkTow3TP5RpRDP/nzDoOA==",
      "cpu": [
        "arm"
      ],
      "dev": true,
      "optional": true,
      "os": [
        "linux"
      ]
    },
    "node_modules/@cargo-messages/linux-x64-gnu": {
      "version": "0.1.63",
      "resolved": "https://registry.npmjs.org/@cargo-messages/linux-x64-gnu/-/linux-x64-gnu-0.1.63.tgz",
      "integrity": "sha512-jwSuRigYyx+XHpvWc4lVbpfwXUHoOJwiDr3J1XYOC+pG1KtZ3PME8Agd4SV0l2H1SGOA3qwE0gL+VMkLUeVGaw==",
      "cpu": [
        "x64"
      ],
      "dev": true,
      "optional": true,
      "os": [
        "linux"
      ]
    },
    "node_modules/@cargo-messages/win32-arm64-msvc": {
      "version": "0.1.63",
      "resolved": "https://registry.npmjs.org/@cargo-messages/win32-arm64-msvc/-/win32-arm64-msvc-0.1.63.tgz",
      "integrity": "sha512-189kR3a5HRe2fyJElg966EZAIfy8+IXwpGE32QPw53D4sHo86uoK9JfPJI9dNv9JtQvm6nMWsLrfozhdCSj4Xg==",
      "cpu": [
        "arm64"
      ],
      "dev": true,
      "optional": true,
      "os": [
        "win32"
      ]
    },
    "node_modules/@cargo-messages/win32-x64-msvc": {
      "version": "0.1.63",
      "resolved": "https://registry.npmjs.org/@cargo-messages/win32-x64-msvc/-/win32-x64-msvc-0.1.63.tgz",
      "integrity": "sha512-9g/k3tbcak9xsaOz8bShiHIrnYFTJIqKCtJNxi0hLA9YaIU+g2aSxfuRleg8IIRf/21BhXdZkfNcmPF6Vrj86g==",
      "cpu": [
        "x64"
      ],
      "dev": true,
      "optional": true,
      "os": [
        "win32"
      ]
    },
    "node_modules/@neon-rs/cli": {
      "version": "0.1.64",
      "resolved": "https://registry.npmjs.org/@neon-rs/cli/-/cli-0.1.64.tgz",
      "integrity": "sha512-IWaxIG399Ba82jXqvvafkAtPpmsVT8fEfySKrzszR6vUInvUw0ImUBOyP0aHDSgBWd6KcEJXX4/+9ITKxMFy7A==",
      "dev": true,
      "bin": {
        "neon": "index.js"
      },
      "optionalDependencies": {
        "@cargo-messages/android-arm-eabi": "0.1.63",
        "@cargo-messages/darwin-arm64": "0.1.63",
        "@cargo-messages/darwin-x64": "0.1.63",
        "@cargo-messages/linux-arm-gnueabihf": "0.1.63",
        "@cargo-messages/linux-x64-gnu": "0.1.63",
        "@cargo-messages/win32-arm64-msvc": "0.1.63",
        "@cargo-messages/win32-x64-msvc": "0.1.63"
      }
    },
    "node_modules/@neon-rs/load": {
      "version": "0.1.25",
      "resolved": "https://registry.npmjs.org/@neon-rs/load/-/load-0.1.25.tgz",
      "integrity": "sha512-lntHngRMs9YFI5volp/9djO36tDTsBtnT4wVSa4Peg4hfgIpHI7A/89CR/V99NfEs7yTQP9KvDMDG6y8XHpdZw=="
    },
    "node_modules/@tsconfig/node20": {
      "version": "20.1.4",
      "resolved": "https://registry.npmjs.org/@tsconfig/node20/-/node20-20.1.4.tgz",
      "integrity": "sha512-sqgsT69YFeLWf5NtJ4Xq/xAF8p4ZQHlmGW74Nu2tD4+g5fAsposc4ZfaaPixVu4y01BEiDCWLRDCvDM5JOsRxg==",
      "dev": true
    },
    "node_modules/@types/node": {
      "version": "20.11.25",
      "resolved": "https://registry.npmjs.org/@types/node/-/node-20.11.25.tgz",
      "integrity": "sha512-TBHyJxk2b7HceLVGFcpAUjsa5zIdsPWlR6XHfyGzd0SFu+/NFgQgMAl96MSDZgQDvJAvV6BKsFOrt6zIL09JDw==",
      "dev": true,
      "dependencies": {
        "undici-types": "~5.26.4"
      }
    },
    "node_modules/typescript": {
      "version": "5.4.2",
      "resolved": "https://registry.npmjs.org/typescript/-/typescript-5.4.2.tgz",
      "integrity": "sha512-+2/g0Fds1ERlP6JsakQQDXjZdZMM+rqpamFZJEKh4kwTIn3iDkgKtby0CeNd5ATNZ4Ry1ax15TMx0W2V+miizQ==",
      "dev": true,
      "bin": {
        "tsc": "bin/tsc",
        "tsserver": "bin/tsserver"
      },
      "engines": {
        "node": ">=14.17"
      }
    },
    "node_modules/undici-types": {
      "version": "5.26.5",
      "resolved": "https://registry.npmjs.org/undici-types/-/undici-types-5.26.5.tgz",
      "integrity": "sha512-JlCMO+ehdEIKqlFxk6IfVoAUVmgz7cU7zD/h9XZ0qzeosSHmUJVOzSQvvYSYWXkFXC+IfLKSIffhv0sVZup6pA==",
      "dev": true
    }
  }
}
